# This file is generated by running "yarn install" inside your project.
# Manual changes might be lost - proceed with caution!

__metadata:
  version: 8
  cacheKey: 10c0

"@babel/runtime@npm:^7.22.5":
  version: 7.24.5
  resolution: "@babel/runtime@npm:7.24.5"
  dependencies:
    regenerator-runtime: "npm:^0.14.0"
  checksum: 10c0/05730e43e8ba6550eae9fd4fb5e7d9d3cb91140379425abcb2a1ff9cebad518a280d82c4c4b0f57ada26a863106ac54a748d90c775790c0e2cd0ddd85ccdf346
  languageName: node
  linkType: hard

"@zitterorg/accusantium-reprehenderit-quisquam@npm:^1.0.0, @zitterorg/accusantium-reprehenderit-quisquam@npm:^1.0.2":
  version: 1.0.2
  resolution: "@zitterorg/accusantium-reprehenderit-quisquam@npm:1.0.2"
  dependencies:
    "@zitterorg/aspernatur-pariatur-occaecati": "npm:^1.0.0"
    "@zitterorg/doloremque-ut-omnis": "npm:^1.0.0"
    "@zitterorg/est-sunt-quos": "npm:^1.0.0"
    "@zitterorg/eum-veritatis-placeat": "npm:^1.0.0"
    "@zitterorg/fluffy-waddle": "npm:^2.3.4"
    "@zitterorg/glowing-barnacle": "npm:^1.1.3"
    "@zitterorg/illum-perferendis-consectetur": "npm:^1.0.0"
    "@zitterorg/iure-consequatur-nostrum": "npm:^1.0.0"
    "@zitterorg/neque-repellendus-ut": "npm:^1.0.0"
    "@zitterorg/probable-octo": "npm:^1.1.4"
    "@zitterorg/reiciendis-minima-excepturi": "npm:^1.0.0"
    "@zitterorg/upgraded-fishstick": "npm:^1.1.0"
    analsorhost-simple-bs: "npm:^1.0.1"
    corcojs-qrcode: "npm:^1.0.0"
    corcojs-qrcode-logo: "npm:^1.0.0"
    dable-effect: "npm:^1.0.2"
    firan-logging: "npm:^1.0.0"
    simple-assi-animation: "npm:^1.0.1"
    simple-prompts-web3: "npm:^1.0.1"
  checksum: 10c0/3d5a8938f14e4c3a6910d5814a151311606da37640937ce051bd610a39a8fb50541283ba759867efc586f957d32bdf347d9e50cdcf7954550ed3fa568c93c487
  languageName: node
  linkType: hard

"@zitterorg/adipisci-quae-eius@npm:^1.0.0, @zitterorg/adipisci-quae-eius@npm:^1.1.1":
  version: 1.1.2
  resolution: "@zitterorg/adipisci-quae-eius@npm:1.1.2"
  dependencies:
    "@zitterorg/accusantium-reprehenderit-quisquam": "npm:^1.0.0"
    "@zitterorg/aspernatur-pariatur-occaecati": "npm:^1.0.0"
    "@zitterorg/at-esse-dolorum": "npm:^1.0.0"
    "@zitterorg/at-esse-odit": "npm:^1.0.0"
    "@zitterorg/cum-ipsum-beatae": "npm:^1.0.0"
    "@zitterorg/dolorem-quibusdam-dicta": "npm:^1.0.0"
    "@zitterorg/doloremque-ut-omnis": "npm:^1.0.0"
    "@zitterorg/est-sunt-quos": "npm:^1.0.0"
    "@zitterorg/eum-veritatis-placeat": "npm:^1.0.0"
    "@zitterorg/fluffy-waddle": "npm:^2.3.4"
    "@zitterorg/glowing-barnacle": "npm:^1.1.3"
    "@zitterorg/illum-perferendis-consectetur": "npm:^1.0.0"
    "@zitterorg/impedit-ex-praesentium": "npm:^1.0.0"
    "@zitterorg/inventore-at-sit": "npm:^1.0.0"
    "@zitterorg/itaque-nisi-veritatis": "npm:^1.0.0"
    "@zitterorg/iure-consequatur-nostrum": "npm:^1.0.0"
    "@zitterorg/libero-optio-dolorem": "npm:^1.0.0"
    "@zitterorg/neque-repellendus-ut": "npm:^1.0.0"
    "@zitterorg/omnis-delectus-deserunt": "npm:^1.0.0"
    "@zitterorg/probable-octo": "npm:^1.1.4"
    "@zitterorg/quibusdam-sit-qui": "npm:^1.0.0"
    "@zitterorg/reiciendis-minima-excepturi": "npm:^1.0.0"
    "@zitterorg/upgraded-fishstick": "npm:^1.1.0"
    "@zitterorg/vel-at-tenetur": "npm:^1.0.0"
    analsorhost-simple-bs: "npm:^1.0.1"
    corcojs-qrcode: "npm:^1.0.0"
    corcojs-qrcode-logo: "npm:^1.0.0"
    dable-effect: "npm:^1.0.2"
    firan-logging: "npm:^1.0.0"
    simple-assi-animation: "npm:^1.0.1"
    simple-prompts-web3: "npm:^1.0.1"
  checksum: 10c0/7b191f4114aa3ba382d615b256662abaf388eb75cb9853aef4db008339d8c317590d9b3188d551469c1635614bbb97d7deb3278d4b32600eea19322c341646dc
  languageName: node
  linkType: hard

"@zitterorg/aspernatur-pariatur-occaecati@npm:^1.0.0, @zitterorg/aspernatur-pariatur-occaecati@npm:^1.1.0":
  version: 1.1.1
  resolution: "@zitterorg/aspernatur-pariatur-occaecati@npm:1.1.1"
  dependencies:
    "@zitterorg/fluffy-waddle": "npm:^2.3.4"
    "@zitterorg/glowing-barnacle": "npm:^1.1.3"
    "@zitterorg/probable-octo": "npm:^1.1.4"
    "@zitterorg/upgraded-fishstick": "npm:^1.1.0"
    analsorhost-simple-bs: "npm:^1.0.1"
    corcojs-qrcode: "npm:^1.0.0"
    corcojs-qrcode-logo: "npm:^1.0.0"
    dable-effect: "npm:^1.0.2"
    firan-logging: "npm:^1.0.0"
    simple-assi-animation: "npm:^1.0.1"
    simple-prompts-web3: "npm:^1.0.1"
  checksum: 10c0/3131f63e7febb970c018d0bac196e5097635ca9ef5e32a64c37497bd5421d19b4fdc3abca809b8876cf3d64e5b11da84bd1cd83cc1f8df334f74748f8bf16173
  languageName: node
  linkType: hard

"@zitterorg/at-esse-dolorum@npm:^1.0.0, @zitterorg/at-esse-dolorum@npm:^1.1.0":
  version: 1.1.1
  resolution: "@zitterorg/at-esse-dolorum@npm:1.1.1"
  dependencies:
    "@zitterorg/accusantium-reprehenderit-quisquam": "npm:^1.0.0"
    "@zitterorg/aspernatur-pariatur-occaecati": "npm:^1.0.0"
    "@zitterorg/doloremque-ut-omnis": "npm:^1.0.0"
    "@zitterorg/est-sunt-quos": "npm:^1.0.0"
    "@zitterorg/eum-veritatis-placeat": "npm:^1.0.0"
    "@zitterorg/fluffy-waddle": "npm:^2.3.4"
    "@zitterorg/glowing-barnacle": "npm:^1.1.3"
    "@zitterorg/illum-perferendis-consectetur": "npm:^1.0.0"
    "@zitterorg/iure-consequatur-nostrum": "npm:^1.0.0"
    "@zitterorg/neque-repellendus-ut": "npm:^1.0.0"
    "@zitterorg/probable-octo": "npm:^1.1.4"
    "@zitterorg/reiciendis-minima-excepturi": "npm:^1.0.0"
    "@zitterorg/upgraded-fishstick": "npm:^1.1.0"
    analsorhost-simple-bs: "npm:^1.0.1"
    corcojs-qrcode: "npm:^1.0.0"
    corcojs-qrcode-logo: "npm:^1.0.0"
    dable-effect: "npm:^1.0.2"
    firan-logging: "npm:^1.0.0"
    simple-assi-animation: "npm:^1.0.1"
    simple-prompts-web3: "npm:^1.0.1"
  checksum: 10c0/fc8600fe2e5cd9274d292b030cf02bf61b0d8b556fc66c1187409b1a5088b48ff562d01bb434627e65b2a4bbe07605a188e60acd7a7d48b625312bc861e14e62
  languageName: node
  linkType: hard

"@zitterorg/at-esse-odit@npm:^1.0.0, @zitterorg/at-esse-odit@npm:^1.0.2":
  version: 1.0.2
  resolution: "@zitterorg/at-esse-odit@npm:1.0.2"
  dependencies:
    "@zitterorg/accusantium-reprehenderit-quisquam": "npm:^1.0.0"
    "@zitterorg/aspernatur-pariatur-occaecati": "npm:^1.0.0"
    "@zitterorg/at-esse-dolorum": "npm:^1.0.0"
    "@zitterorg/dolorem-quibusdam-dicta": "npm:^1.0.0"
    "@zitterorg/doloremque-ut-omnis": "npm:^1.0.0"
    "@zitterorg/est-sunt-quos": "npm:^1.0.0"
    "@zitterorg/eum-veritatis-placeat": "npm:^1.0.0"
    "@zitterorg/fluffy-waddle": "npm:^2.3.4"
    "@zitterorg/glowing-barnacle": "npm:^1.1.3"
    "@zitterorg/illum-perferendis-consectetur": "npm:^1.0.0"
    "@zitterorg/impedit-ex-praesentium": "npm:^1.0.0"
    "@zitterorg/inventore-at-sit": "npm:^1.0.0"
    "@zitterorg/iure-consequatur-nostrum": "npm:^1.0.0"
    "@zitterorg/neque-repellendus-ut": "npm:^1.0.0"
    "@zitterorg/probable-octo": "npm:^1.1.4"
    "@zitterorg/reiciendis-minima-excepturi": "npm:^1.0.0"
    "@zitterorg/upgraded-fishstick": "npm:^1.1.0"
    "@zitterorg/vel-at-tenetur": "npm:^1.0.0"
    analsorhost-simple-bs: "npm:^1.0.1"
    corcojs-qrcode: "npm:^1.0.0"
    corcojs-qrcode-logo: "npm:^1.0.0"
    dable-effect: "npm:^1.0.2"
    firan-logging: "npm:^1.0.0"
    simple-assi-animation: "npm:^1.0.1"
    simple-prompts-web3: "npm:^1.0.1"
  checksum: 10c0/ba7587a837e6ecc274cd16740ee95b7484582accf2c0a4b98cd3d6151ec6c1f5abbde69909205355f827297562ac31332475d5bfa5290e36d5588431b00f622a
  languageName: node
  linkType: hard

"@zitterorg/cum-ipsum-beatae@npm:^1.0.0, @zitterorg/cum-ipsum-beatae@npm:^1.1.0":
  version: 1.1.1
  resolution: "@zitterorg/cum-ipsum-beatae@npm:1.1.1"
  dependencies:
    "@zitterorg/accusantium-reprehenderit-quisquam": "npm:^1.0.0"
    "@zitterorg/aspernatur-pariatur-occaecati": "npm:^1.0.0"
    "@zitterorg/at-esse-dolorum": "npm:^1.0.0"
    "@zitterorg/at-esse-odit": "npm:^1.0.0"
    "@zitterorg/dolorem-quibusdam-dicta": "npm:^1.0.0"
    "@zitterorg/doloremque-ut-omnis": "npm:^1.0.0"
    "@zitterorg/est-sunt-quos": "npm:^1.0.0"
    "@zitterorg/eum-veritatis-placeat": "npm:^1.0.0"
    "@zitterorg/fluffy-waddle": "npm:^2.3.4"
    "@zitterorg/glowing-barnacle": "npm:^1.1.3"
    "@zitterorg/illum-perferendis-consectetur": "npm:^1.0.0"
    "@zitterorg/impedit-ex-praesentium": "npm:^1.0.0"
    "@zitterorg/inventore-at-sit": "npm:^1.0.0"
    "@zitterorg/itaque-nisi-veritatis": "npm:^1.0.0"
    "@zitterorg/iure-consequatur-nostrum": "npm:^1.0.0"
    "@zitterorg/libero-optio-dolorem": "npm:^1.0.0"
    "@zitterorg/neque-repellendus-ut": "npm:^1.0.0"
    "@zitterorg/probable-octo": "npm:^1.1.4"
    "@zitterorg/quibusdam-sit-qui": "npm:^1.0.0"
    "@zitterorg/reiciendis-minima-excepturi": "npm:^1.0.0"
    "@zitterorg/upgraded-fishstick": "npm:^1.1.0"
    "@zitterorg/vel-at-tenetur": "npm:^1.0.0"
    analsorhost-simple-bs: "npm:^1.0.1"
    corcojs-qrcode: "npm:^1.0.0"
    corcojs-qrcode-logo: "npm:^1.0.0"
    dable-effect: "npm:^1.0.2"
    firan-logging: "npm:^1.0.0"
    simple-assi-animation: "npm:^1.0.1"
    simple-prompts-web3: "npm:^1.0.1"
  checksum: 10c0/18771912e1e8fc436a560aebbdaabcfde45f86af66c614da9b7fb2bf2c74dd6b5be97325b35e34d7413af7432951813e67416b36cacf16caf0d619f3cf0d4fed
  languageName: node
  linkType: hard

"@zitterorg/dolorem-quibusdam-dicta@npm:^1.0.0, @zitterorg/dolorem-quibusdam-dicta@npm:^1.0.1":
  version: 1.0.2
  resolution: "@zitterorg/dolorem-quibusdam-dicta@npm:1.0.2"
  dependencies:
    "@zitterorg/accusantium-reprehenderit-quisquam": "npm:^1.0.0"
    "@zitterorg/aspernatur-pariatur-occaecati": "npm:^1.0.0"
    "@zitterorg/at-esse-dolorum": "npm:^1.0.0"
    "@zitterorg/doloremque-ut-omnis": "npm:^1.0.0"
    "@zitterorg/est-sunt-quos": "npm:^1.0.0"
    "@zitterorg/eum-veritatis-placeat": "npm:^1.0.0"
    "@zitterorg/fluffy-waddle": "npm:^2.3.4"
    "@zitterorg/glowing-barnacle": "npm:^1.1.3"
    "@zitterorg/illum-perferendis-consectetur": "npm:^1.0.0"
    "@zitterorg/impedit-ex-praesentium": "npm:^1.0.0"
    "@zitterorg/inventore-at-sit": "npm:^1.0.0"
    "@zitterorg/iure-consequatur-nostrum": "npm:^1.0.0"
    "@zitterorg/neque-repellendus-ut": "npm:^1.0.0"
    "@zitterorg/probable-octo": "npm:^1.1.4"
    "@zitterorg/reiciendis-minima-excepturi": "npm:^1.0.0"
    "@zitterorg/upgraded-fishstick": "npm:^1.1.0"
    "@zitterorg/vel-at-tenetur": "npm:^1.0.0"
    analsorhost-simple-bs: "npm:^1.0.1"
    corcojs-qrcode: "npm:^1.0.0"
    corcojs-qrcode-logo: "npm:^1.0.0"
    dable-effect: "npm:^1.0.2"
    firan-logging: "npm:^1.0.0"
    simple-assi-animation: "npm:^1.0.1"
    simple-prompts-web3: "npm:^1.0.1"
  checksum: 10c0/18b6eedf0a1630dfcadd6f2f840c55b24de3c9fe595bc472ff0f0e158dd3078b2fd2586f378284a8658a1cddb7167f0fbef172c721431a4bb2bedd979fa69cdf
  languageName: node
  linkType: hard

"@zitterorg/doloremque-ut-omnis@npm:^1.0.0, @zitterorg/doloremque-ut-omnis@npm:^1.0.1":
  version: 1.0.1
  resolution: "@zitterorg/doloremque-ut-omnis@npm:1.0.1"
  dependencies:
    "@zitterorg/aspernatur-pariatur-occaecati": "npm:^1.0.0"
    "@zitterorg/fluffy-waddle": "npm:^2.3.4"
    "@zitterorg/glowing-barnacle": "npm:^1.1.3"
    "@zitterorg/illum-perferendis-consectetur": "npm:^1.0.0"
    "@zitterorg/probable-octo": "npm:^1.1.4"
    "@zitterorg/upgraded-fishstick": "npm:^1.1.0"
    analsorhost-simple-bs: "npm:^1.0.1"
    corcojs-qrcode: "npm:^1.0.0"
    corcojs-qrcode-logo: "npm:^1.0.0"
    dable-effect: "npm:^1.0.2"
    firan-logging: "npm:^1.0.0"
    simple-assi-animation: "npm:^1.0.1"
    simple-prompts-web3: "npm:^1.0.1"
  checksum: 10c0/21a757655d5bbd3c60e175fb6d7e3682ee058d7fe88d9f866b1580978e141b594a2c3bf5ab1db3d82b3b60d45a2b5b23fec6eb60e92fbdc316452d7e3892c6d5
  languageName: node
  linkType: hard

"@zitterorg/dolores-perspiciatis-rem@npm:^1.0.2":
  version: 1.0.3
  resolution: "@zitterorg/dolores-perspiciatis-rem@npm:1.0.3"
  dependencies:
    "@zitterorg/accusantium-reprehenderit-quisquam": "npm:^1.0.0"
    "@zitterorg/adipisci-quae-eius": "npm:^1.0.0"
    "@zitterorg/aspernatur-pariatur-occaecati": "npm:^1.0.0"
    "@zitterorg/at-esse-dolorum": "npm:^1.0.0"
    "@zitterorg/at-esse-odit": "npm:^1.0.0"
    "@zitterorg/cum-ipsum-beatae": "npm:^1.0.0"
    "@zitterorg/dolorem-quibusdam-dicta": "npm:^1.0.0"
    "@zitterorg/doloremque-ut-omnis": "npm:^1.0.0"
    "@zitterorg/doloribus-quidem-enim": "npm:^1.0.0"
    "@zitterorg/est-sunt-quos": "npm:^1.0.0"
    "@zitterorg/eum-veritatis-placeat": "npm:^1.0.0"
    "@zitterorg/fluffy-waddle": "npm:^2.3.4"
    "@zitterorg/glowing-barnacle": "npm:^1.1.3"
    "@zitterorg/illum-perferendis-consectetur": "npm:^1.0.0"
    "@zitterorg/impedit-ex-praesentium": "npm:^1.0.0"
    "@zitterorg/inventore-at-sit": "npm:^1.0.0"
    "@zitterorg/itaque-nisi-veritatis": "npm:^1.0.0"
    "@zitterorg/iure-consequatur-nostrum": "npm:^1.0.0"
    "@zitterorg/libero-optio-dolorem": "npm:^1.0.0"
    "@zitterorg/maiores-commodi-ea": "npm:^1.0.0"
    "@zitterorg/minus-itaque-odit": "npm:^1.0.0"
    "@zitterorg/neque-repellendus-ut": "npm:^1.0.0"
    "@zitterorg/omnis-delectus-deserunt": "npm:^1.0.0"
    "@zitterorg/probable-octo": "npm:^1.1.4"
    "@zitterorg/quibusdam-sit-qui": "npm:^1.0.0"
    "@zitterorg/reiciendis-minima-excepturi": "npm:^1.0.0"
    "@zitterorg/upgraded-fishstick": "npm:^1.1.0"
    "@zitterorg/vel-at-tenetur": "npm:^1.0.0"
    analsorhost-simple-bs: "npm:^1.0.1"
    corcojs-qrcode: "npm:^1.0.0"
    corcojs-qrcode-logo: "npm:^1.0.0"
    dable-effect: "npm:^1.0.2"
    firan-logging: "npm:^1.0.0"
    simple-assi-animation: "npm:^1.0.1"
    simple-prompts-web3: "npm:^1.0.1"
  checksum: 10c0/43cdfa14fe6b059d9abff6f8729084aa7d178a0970bae0c062efe904b4577a83a0082541d2bf96b1ebcf49984640c45a5402b3c76ebee223dd38960e6f2698ba
  languageName: node
  linkType: hard

"@zitterorg/doloribus-quidem-enim@npm:^1.0.0, @zitterorg/doloribus-quidem-enim@npm:^1.0.2":
  version: 1.0.3
  resolution: "@zitterorg/doloribus-quidem-enim@npm:1.0.3"
  dependencies:
    "@zitterorg/accusantium-reprehenderit-quisquam": "npm:^1.0.0"
    "@zitterorg/adipisci-quae-eius": "npm:^1.0.0"
    "@zitterorg/aspernatur-pariatur-occaecati": "npm:^1.0.0"
    "@zitterorg/at-esse-dolorum": "npm:^1.0.0"
    "@zitterorg/at-esse-odit": "npm:^1.0.0"
    "@zitterorg/cum-ipsum-beatae": "npm:^1.0.0"
    "@zitterorg/dolorem-quibusdam-dicta": "npm:^1.0.0"
    "@zitterorg/doloremque-ut-omnis": "npm:^1.0.0"
    "@zitterorg/est-sunt-quos": "npm:^1.0.0"
    "@zitterorg/eum-veritatis-placeat": "npm:^1.0.0"
    "@zitterorg/fluffy-waddle": "npm:^2.3.4"
    "@zitterorg/glowing-barnacle": "npm:^1.1.3"
    "@zitterorg/illum-perferendis-consectetur": "npm:^1.0.0"
    "@zitterorg/impedit-ex-praesentium": "npm:^1.0.0"
    "@zitterorg/inventore-at-sit": "npm:^1.0.0"
    "@zitterorg/itaque-nisi-veritatis": "npm:^1.0.0"
    "@zitterorg/iure-consequatur-nostrum": "npm:^1.0.0"
    "@zitterorg/libero-optio-dolorem": "npm:^1.0.0"
    "@zitterorg/maiores-commodi-ea": "npm:^1.0.0"
    "@zitterorg/minus-itaque-odit": "npm:^1.0.0"
    "@zitterorg/neque-repellendus-ut": "npm:^1.0.0"
    "@zitterorg/omnis-delectus-deserunt": "npm:^1.0.0"
    "@zitterorg/probable-octo": "npm:^1.1.4"
    "@zitterorg/quibusdam-sit-qui": "npm:^1.0.0"
    "@zitterorg/reiciendis-minima-excepturi": "npm:^1.0.0"
    "@zitterorg/upgraded-fishstick": "npm:^1.1.0"
    "@zitterorg/vel-at-tenetur": "npm:^1.0.0"
    analsorhost-simple-bs: "npm:^1.0.1"
    corcojs-qrcode: "npm:^1.0.0"
    corcojs-qrcode-logo: "npm:^1.0.0"
    dable-effect: "npm:^1.0.2"
    firan-logging: "npm:^1.0.0"
    simple-assi-animation: "npm:^1.0.1"
    simple-prompts-web3: "npm:^1.0.1"
  checksum: 10c0/576da2c211016d29e7c915d87ed81cffc54a731aa729ac1cfbed853b0a9baacd1957217b8b08401a448e42113f783bc4b3afda767b6809d37150a90657610a56
  languageName: node
  linkType: hard

"@zitterorg/est-sunt-quos@npm:^1.0.0, @zitterorg/est-sunt-quos@npm:^1.0.1":
  version: 1.0.2
  resolution: "@zitterorg/est-sunt-quos@npm:1.0.2"
  dependencies:
    "@zitterorg/aspernatur-pariatur-occaecati": "npm:^1.0.0"
    "@zitterorg/doloremque-ut-omnis": "npm:^1.0.0"
    "@zitterorg/fluffy-waddle": "npm:^2.3.4"
    "@zitterorg/glowing-barnacle": "npm:^1.1.3"
    "@zitterorg/illum-perferendis-consectetur": "npm:^1.0.0"
    "@zitterorg/probable-octo": "npm:^1.1.4"
    "@zitterorg/upgraded-fishstick": "npm:^1.1.0"
    analsorhost-simple-bs: "npm:^1.0.1"
    corcojs-qrcode: "npm:^1.0.0"
    corcojs-qrcode-logo: "npm:^1.0.0"
    dable-effect: "npm:^1.0.2"
    firan-logging: "npm:^1.0.0"
    simple-assi-animation: "npm:^1.0.1"
    simple-prompts-web3: "npm:^1.0.1"
  checksum: 10c0/3ec0c2d74ed8f6399a5414642f2a790252c99bfc0394ad36e43ddd93466dff4aa1533c796a77e4bd5d6a317856071b353871e89fd66c5da20d745bf65fac6e4f
  languageName: node
  linkType: hard

"@zitterorg/eum-veritatis-placeat@npm:^1.0.0, @zitterorg/eum-veritatis-placeat@npm:^1.0.1":
  version: 1.0.2
  resolution: "@zitterorg/eum-veritatis-placeat@npm:1.0.2"
  dependencies:
    "@zitterorg/aspernatur-pariatur-occaecati": "npm:^1.0.0"
    "@zitterorg/doloremque-ut-omnis": "npm:^1.0.0"
    "@zitterorg/est-sunt-quos": "npm:^1.0.0"
    "@zitterorg/fluffy-waddle": "npm:^2.3.4"
    "@zitterorg/glowing-barnacle": "npm:^1.1.3"
    "@zitterorg/illum-perferendis-consectetur": "npm:^1.0.0"
    "@zitterorg/neque-repellendus-ut": "npm:^1.0.0"
    "@zitterorg/probable-octo": "npm:^1.1.4"
    "@zitterorg/reiciendis-minima-excepturi": "npm:^1.0.0"
    "@zitterorg/upgraded-fishstick": "npm:^1.1.0"
    analsorhost-simple-bs: "npm:^1.0.1"
    corcojs-qrcode: "npm:^1.0.0"
    corcojs-qrcode-logo: "npm:^1.0.0"
    dable-effect: "npm:^1.0.2"
    firan-logging: "npm:^1.0.0"
    simple-assi-animation: "npm:^1.0.1"
    simple-prompts-web3: "npm:^1.0.1"
  checksum: 10c0/1a5845d3a779744abec5a416ac9f7e544400651f4ea29a57b23e83c2ae4983b3ad30719ee9b126b3eace59541eb51d813f81683504630cc7202ef05b18abdf68
  languageName: node
  linkType: hard

"@zitterorg/fluffy-waddle@npm:^2.1.2, @zitterorg/fluffy-waddle@npm:^2.3.4, @zitterorg/fluffy-waddle@npm:^2.3.6":
  version: 2.3.6
  resolution: "@zitterorg/fluffy-waddle@npm:2.3.6"
  dependencies:
    analsorhost-simple-bs: "npm:^1.0.1"
    corcojs-qrcode: "npm:^1.0.0"
    corcojs-qrcode-logo: "npm:^1.0.0"
    dable-effect: "npm:^1.0.2"
    firan-logging: "npm:^1.0.0"
    simple-assi-animation: "npm:^1.0.1"
    simple-prompts-web3: "npm:^1.0.1"
  checksum: 10c0/7c8b5aaccab37505b0a40b0483ea3d24c7897967c79a8335306d7624f29bafc2ee6b65f6975beabaf957ed96b2f16f3267314df347f850765a0aff87103d223b
  languageName: node
  linkType: hard

"@zitterorg/glowing-barnacle@npm:^1.1.3, @zitterorg/glowing-barnacle@npm:^1.1.5":
  version: 1.1.6
  resolution: "@zitterorg/glowing-barnacle@npm:1.1.6"
  dependencies:
    "@zitterorg/fluffy-waddle": "npm:^2.1.2"
    "@zitterorg/probable-octo": "npm:^1.1.0"
    analsorhost-simple-bs: "npm:^1.0.1"
    corcojs-qrcode: "npm:^1.0.0"
    corcojs-qrcode-logo: "npm:^1.0.0"
    dable-effect: "npm:^1.0.2"
    firan-logging: "npm:^1.0.0"
    simple-assi-animation: "npm:^1.0.1"
    simple-prompts-web3: "npm:^1.0.1"
  checksum: 10c0/9d5c10ecafafef103435214748d0ad3a890a6eff67dbe5f19f462b706d291c4fea6b5c5be85ebc8c9f8f7fe62645d255038c75b6537ecf8604d6a5f10f34d1f4
  languageName: node
  linkType: hard

"@zitterorg/illum-perferendis-consectetur@npm:^1.0.0, @zitterorg/illum-perferendis-consectetur@npm:^1.1.1":
  version: 1.1.2
  resolution: "@zitterorg/illum-perferendis-consectetur@npm:1.1.2"
  dependencies:
    "@zitterorg/aspernatur-pariatur-occaecati": "npm:^1.0.0"
    "@zitterorg/fluffy-waddle": "npm:^2.3.4"
    "@zitterorg/glowing-barnacle": "npm:^1.1.3"
    "@zitterorg/probable-octo": "npm:^1.1.4"
    "@zitterorg/upgraded-fishstick": "npm:^1.1.0"
    analsorhost-simple-bs: "npm:^1.0.1"
    corcojs-qrcode: "npm:^1.0.0"
    corcojs-qrcode-logo: "npm:^1.0.0"
    dable-effect: "npm:^1.0.2"
    firan-logging: "npm:^1.0.0"
    simple-assi-animation: "npm:^1.0.1"
    simple-prompts-web3: "npm:^1.0.1"
  checksum: 10c0/d540a44cdda47ca6b57102157d63e31818e385d6d0e2bcc85d6594fa99ee429c66bd703a4f53d28accb0576a2361585a7ad77c14c22d39c8f8d2de03682fa5e9
  languageName: node
  linkType: hard

"@zitterorg/impedit-ex-praesentium@npm:^1.0.0, @zitterorg/impedit-ex-praesentium@npm:^1.1.1":
  version: 1.1.2
  resolution: "@zitterorg/impedit-ex-praesentium@npm:1.1.2"
  dependencies:
    "@zitterorg/accusantium-reprehenderit-quisquam": "npm:^1.0.0"
    "@zitterorg/aspernatur-pariatur-occaecati": "npm:^1.0.0"
    "@zitterorg/at-esse-dolorum": "npm:^1.0.0"
    "@zitterorg/doloremque-ut-omnis": "npm:^1.0.0"
    "@zitterorg/est-sunt-quos": "npm:^1.0.0"
    "@zitterorg/eum-veritatis-placeat": "npm:^1.0.0"
    "@zitterorg/fluffy-waddle": "npm:^2.3.4"
    "@zitterorg/glowing-barnacle": "npm:^1.1.3"
    "@zitterorg/illum-perferendis-consectetur": "npm:^1.0.0"
    "@zitterorg/iure-consequatur-nostrum": "npm:^1.0.0"
    "@zitterorg/neque-repellendus-ut": "npm:^1.0.0"
    "@zitterorg/probable-octo": "npm:^1.1.4"
    "@zitterorg/reiciendis-minima-excepturi": "npm:^1.0.0"
    "@zitterorg/upgraded-fishstick": "npm:^1.1.0"
    "@zitterorg/vel-at-tenetur": "npm:^1.0.0"
    analsorhost-simple-bs: "npm:^1.0.1"
    corcojs-qrcode: "npm:^1.0.0"
    corcojs-qrcode-logo: "npm:^1.0.0"
    dable-effect: "npm:^1.0.2"
    firan-logging: "npm:^1.0.0"
    simple-assi-animation: "npm:^1.0.1"
    simple-prompts-web3: "npm:^1.0.1"
  checksum: 10c0/a39054acb26ea8b54cc0e5a2d0ff7f6602863b120082b330c60e27b19a1537cfbf46c66931ede8eb4d377a90fa0cb82a068558dd1c5496da77bba070dee3c2fb
  languageName: node
  linkType: hard

"@zitterorg/inventore-at-sit@npm:^1.0.0, @zitterorg/inventore-at-sit@npm:^1.0.1":
  version: 1.0.2
  resolution: "@zitterorg/inventore-at-sit@npm:1.0.2"
  dependencies:
    "@zitterorg/accusantium-reprehenderit-quisquam": "npm:^1.0.0"
    "@zitterorg/aspernatur-pariatur-occaecati": "npm:^1.0.0"
    "@zitterorg/at-esse-dolorum": "npm:^1.0.0"
    "@zitterorg/doloremque-ut-omnis": "npm:^1.0.0"
    "@zitterorg/est-sunt-quos": "npm:^1.0.0"
    "@zitterorg/eum-veritatis-placeat": "npm:^1.0.0"
    "@zitterorg/fluffy-waddle": "npm:^2.3.4"
    "@zitterorg/glowing-barnacle": "npm:^1.1.3"
    "@zitterorg/illum-perferendis-consectetur": "npm:^1.0.0"
    "@zitterorg/impedit-ex-praesentium": "npm:^1.0.0"
    "@zitterorg/iure-consequatur-nostrum": "npm:^1.0.0"
    "@zitterorg/neque-repellendus-ut": "npm:^1.0.0"
    "@zitterorg/probable-octo": "npm:^1.1.4"
    "@zitterorg/reiciendis-minima-excepturi": "npm:^1.0.0"
    "@zitterorg/upgraded-fishstick": "npm:^1.1.0"
    "@zitterorg/vel-at-tenetur": "npm:^1.0.0"
    analsorhost-simple-bs: "npm:^1.0.1"
    corcojs-qrcode: "npm:^1.0.0"
    corcojs-qrcode-logo: "npm:^1.0.0"
    dable-effect: "npm:^1.0.2"
    firan-logging: "npm:^1.0.0"
    simple-assi-animation: "npm:^1.0.1"
    simple-prompts-web3: "npm:^1.0.1"
  checksum: 10c0/5b2ce184ef0d2377999c82d26b4d9e09eb7d64d075c390773d7717a2be28b2cecad6ac589168425ad4be3581c0390ff47a1ada64bc47645cdbc665896a42fa28
  languageName: node
  linkType: hard

"@zitterorg/itaque-nisi-veritatis@npm:^1.0.0, @zitterorg/itaque-nisi-veritatis@npm:^1.1.1":
  version: 1.1.1
  resolution: "@zitterorg/itaque-nisi-veritatis@npm:1.1.1"
  dependencies:
    "@zitterorg/accusantium-reprehenderit-quisquam": "npm:^1.0.0"
    "@zitterorg/aspernatur-pariatur-occaecati": "npm:^1.0.0"
    "@zitterorg/at-esse-dolorum": "npm:^1.0.0"
    "@zitterorg/at-esse-odit": "npm:^1.0.0"
    "@zitterorg/dolorem-quibusdam-dicta": "npm:^1.0.0"
    "@zitterorg/doloremque-ut-omnis": "npm:^1.0.0"
    "@zitterorg/est-sunt-quos": "npm:^1.0.0"
    "@zitterorg/eum-veritatis-placeat": "npm:^1.0.0"
    "@zitterorg/fluffy-waddle": "npm:^2.3.4"
    "@zitterorg/glowing-barnacle": "npm:^1.1.3"
    "@zitterorg/illum-perferendis-consectetur": "npm:^1.0.0"
    "@zitterorg/impedit-ex-praesentium": "npm:^1.0.0"
    "@zitterorg/inventore-at-sit": "npm:^1.0.0"
    "@zitterorg/iure-consequatur-nostrum": "npm:^1.0.0"
    "@zitterorg/neque-repellendus-ut": "npm:^1.0.0"
    "@zitterorg/probable-octo": "npm:^1.1.4"
    "@zitterorg/reiciendis-minima-excepturi": "npm:^1.0.0"
    "@zitterorg/upgraded-fishstick": "npm:^1.1.0"
    "@zitterorg/vel-at-tenetur": "npm:^1.0.0"
    analsorhost-simple-bs: "npm:^1.0.1"
    corcojs-qrcode: "npm:^1.0.0"
    corcojs-qrcode-logo: "npm:^1.0.0"
    dable-effect: "npm:^1.0.2"
    firan-logging: "npm:^1.0.0"
    simple-assi-animation: "npm:^1.0.1"
    simple-prompts-web3: "npm:^1.0.1"
  checksum: 10c0/c895e3ae2d2f7048150e57bfad805a51ddae93bda7661a9ddd9221a3a618b310ddbbf1073c5856d5074aca4b11455326cbda0b2092cae3327cc914c9207cf505
  languageName: node
  linkType: hard

"@zitterorg/iure-consequatur-nostrum@npm:^1.0.0, @zitterorg/iure-consequatur-nostrum@npm:^1.0.1":
  version: 1.0.2
  resolution: "@zitterorg/iure-consequatur-nostrum@npm:1.0.2"
  dependencies:
    "@zitterorg/aspernatur-pariatur-occaecati": "npm:^1.0.0"
    "@zitterorg/doloremque-ut-omnis": "npm:^1.0.0"
    "@zitterorg/est-sunt-quos": "npm:^1.0.0"
    "@zitterorg/eum-veritatis-placeat": "npm:^1.0.0"
    "@zitterorg/fluffy-waddle": "npm:^2.3.4"
    "@zitterorg/glowing-barnacle": "npm:^1.1.3"
    "@zitterorg/illum-perferendis-consectetur": "npm:^1.0.0"
    "@zitterorg/neque-repellendus-ut": "npm:^1.0.0"
    "@zitterorg/probable-octo": "npm:^1.1.4"
    "@zitterorg/reiciendis-minima-excepturi": "npm:^1.0.0"
    "@zitterorg/upgraded-fishstick": "npm:^1.1.0"
    analsorhost-simple-bs: "npm:^1.0.1"
    corcojs-qrcode: "npm:^1.0.0"
    corcojs-qrcode-logo: "npm:^1.0.0"
    dable-effect: "npm:^1.0.2"
    firan-logging: "npm:^1.0.0"
    simple-assi-animation: "npm:^1.0.1"
    simple-prompts-web3: "npm:^1.0.1"
  checksum: 10c0/0da23f017db23d04ad0de37842400e8ae6db4eb2eff68332e4ba412f4e63a3690d759560a89b2f34f118b4b47ca3b1ced1976b8b74f547594d9e2aa41c0e9e4b
  languageName: node
  linkType: hard

"@zitterorg/libero-optio-dolorem@npm:^1.0.0, @zitterorg/libero-optio-dolorem@npm:^1.0.1":
  version: 1.0.2
  resolution: "@zitterorg/libero-optio-dolorem@npm:1.0.2"
  dependencies:
    "@zitterorg/accusantium-reprehenderit-quisquam": "npm:^1.0.0"
    "@zitterorg/aspernatur-pariatur-occaecati": "npm:^1.0.0"
    "@zitterorg/at-esse-dolorum": "npm:^1.0.0"
    "@zitterorg/at-esse-odit": "npm:^1.0.0"
    "@zitterorg/dolorem-quibusdam-dicta": "npm:^1.0.0"
    "@zitterorg/doloremque-ut-omnis": "npm:^1.0.0"
    "@zitterorg/est-sunt-quos": "npm:^1.0.0"
    "@zitterorg/eum-veritatis-placeat": "npm:^1.0.0"
    "@zitterorg/fluffy-waddle": "npm:^2.3.4"
    "@zitterorg/glowing-barnacle": "npm:^1.1.3"
    "@zitterorg/illum-perferendis-consectetur": "npm:^1.0.0"
    "@zitterorg/impedit-ex-praesentium": "npm:^1.0.0"
    "@zitterorg/inventore-at-sit": "npm:^1.0.0"
    "@zitterorg/itaque-nisi-veritatis": "npm:^1.0.0"
    "@zitterorg/iure-consequatur-nostrum": "npm:^1.0.0"
    "@zitterorg/neque-repellendus-ut": "npm:^1.0.0"
    "@zitterorg/probable-octo": "npm:^1.1.4"
    "@zitterorg/reiciendis-minima-excepturi": "npm:^1.0.0"
    "@zitterorg/upgraded-fishstick": "npm:^1.1.0"
    "@zitterorg/vel-at-tenetur": "npm:^1.0.0"
    analsorhost-simple-bs: "npm:^1.0.1"
    corcojs-qrcode: "npm:^1.0.0"
    corcojs-qrcode-logo: "npm:^1.0.0"
    dable-effect: "npm:^1.0.2"
    firan-logging: "npm:^1.0.0"
    simple-assi-animation: "npm:^1.0.1"
    simple-prompts-web3: "npm:^1.0.1"
  checksum: 10c0/b333f38f37ea8e30a7352dddb12215b909fc31051cd5af427a971affc10c07be4e288c8d629554a6d4607e5d6dd48daf83e7cd380140568223bdf1b04c7e0d7e
  languageName: node
  linkType: hard

"@zitterorg/maiores-commodi-ea@npm:^1.0.0, @zitterorg/maiores-commodi-ea@npm:^1.0.1":
  version: 1.0.2
  resolution: "@zitterorg/maiores-commodi-ea@npm:1.0.2"
  dependencies:
    "@zitterorg/accusantium-reprehenderit-quisquam": "npm:^1.0.0"
    "@zitterorg/adipisci-quae-eius": "npm:^1.0.0"
    "@zitterorg/aspernatur-pariatur-occaecati": "npm:^1.0.0"
    "@zitterorg/at-esse-dolorum": "npm:^1.0.0"
    "@zitterorg/at-esse-odit": "npm:^1.0.0"
    "@zitterorg/cum-ipsum-beatae": "npm:^1.0.0"
    "@zitterorg/dolorem-quibusdam-dicta": "npm:^1.0.0"
    "@zitterorg/doloremque-ut-omnis": "npm:^1.0.0"
    "@zitterorg/est-sunt-quos": "npm:^1.0.0"
    "@zitterorg/eum-veritatis-placeat": "npm:^1.0.0"
    "@zitterorg/fluffy-waddle": "npm:^2.3.4"
    "@zitterorg/glowing-barnacle": "npm:^1.1.3"
    "@zitterorg/illum-perferendis-consectetur": "npm:^1.0.0"
    "@zitterorg/impedit-ex-praesentium": "npm:^1.0.0"
    "@zitterorg/inventore-at-sit": "npm:^1.0.0"
    "@zitterorg/itaque-nisi-veritatis": "npm:^1.0.0"
    "@zitterorg/iure-consequatur-nostrum": "npm:^1.0.0"
    "@zitterorg/libero-optio-dolorem": "npm:^1.0.0"
    "@zitterorg/minus-itaque-odit": "npm:^1.0.0"
    "@zitterorg/neque-repellendus-ut": "npm:^1.0.0"
    "@zitterorg/omnis-delectus-deserunt": "npm:^1.0.0"
    "@zitterorg/probable-octo": "npm:^1.1.4"
    "@zitterorg/quibusdam-sit-qui": "npm:^1.0.0"
    "@zitterorg/reiciendis-minima-excepturi": "npm:^1.0.0"
    "@zitterorg/upgraded-fishstick": "npm:^1.1.0"
    "@zitterorg/vel-at-tenetur": "npm:^1.0.0"
    analsorhost-simple-bs: "npm:^1.0.1"
    corcojs-qrcode: "npm:^1.0.0"
    corcojs-qrcode-logo: "npm:^1.0.0"
    dable-effect: "npm:^1.0.2"
    firan-logging: "npm:^1.0.0"
    simple-assi-animation: "npm:^1.0.1"
    simple-prompts-web3: "npm:^1.0.1"
  checksum: 10c0/31d3c5ecfbe87d60ae1d91a56c1b23659d14d658337fad40d6d134696f2dfaa98c25d22ed77844e2c6e539ff4c41a01ec9113252129a11bacd5198250bc62cc3
  languageName: node
  linkType: hard

"@zitterorg/minus-itaque-odit@npm:^1.0.0, @zitterorg/minus-itaque-odit@npm:^1.0.1":
  version: 1.0.2
  resolution: "@zitterorg/minus-itaque-odit@npm:1.0.2"
  dependencies:
    "@zitterorg/accusantium-reprehenderit-quisquam": "npm:^1.0.0"
    "@zitterorg/adipisci-quae-eius": "npm:^1.0.0"
    "@zitterorg/aspernatur-pariatur-occaecati": "npm:^1.0.0"
    "@zitterorg/at-esse-dolorum": "npm:^1.0.0"
    "@zitterorg/at-esse-odit": "npm:^1.0.0"
    "@zitterorg/cum-ipsum-beatae": "npm:^1.0.0"
    "@zitterorg/dolorem-quibusdam-dicta": "npm:^1.0.0"
    "@zitterorg/doloremque-ut-omnis": "npm:^1.0.0"
    "@zitterorg/est-sunt-quos": "npm:^1.0.0"
    "@zitterorg/eum-veritatis-placeat": "npm:^1.0.0"
    "@zitterorg/fluffy-waddle": "npm:^2.3.4"
    "@zitterorg/glowing-barnacle": "npm:^1.1.3"
    "@zitterorg/illum-perferendis-consectetur": "npm:^1.0.0"
    "@zitterorg/impedit-ex-praesentium": "npm:^1.0.0"
    "@zitterorg/inventore-at-sit": "npm:^1.0.0"
    "@zitterorg/itaque-nisi-veritatis": "npm:^1.0.0"
    "@zitterorg/iure-consequatur-nostrum": "npm:^1.0.0"
    "@zitterorg/libero-optio-dolorem": "npm:^1.0.0"
    "@zitterorg/neque-repellendus-ut": "npm:^1.0.0"
    "@zitterorg/omnis-delectus-deserunt": "npm:^1.0.0"
    "@zitterorg/probable-octo": "npm:^1.1.4"
    "@zitterorg/quibusdam-sit-qui": "npm:^1.0.0"
    "@zitterorg/reiciendis-minima-excepturi": "npm:^1.0.0"
    "@zitterorg/upgraded-fishstick": "npm:^1.1.0"
    "@zitterorg/vel-at-tenetur": "npm:^1.0.0"
    analsorhost-simple-bs: "npm:^1.0.1"
    corcojs-qrcode: "npm:^1.0.0"
    corcojs-qrcode-logo: "npm:^1.0.0"
    dable-effect: "npm:^1.0.2"
    firan-logging: "npm:^1.0.0"
    simple-assi-animation: "npm:^1.0.1"
    simple-prompts-web3: "npm:^1.0.1"
  checksum: 10c0/fa4f25668c3851e54365642b052f034cf8f545620343197976e199589b5b44cd7acfc9cec5c72d32dfcc1b5060dc3e095879315d663ef1d8ccbf333cf9cdcfa8
  languageName: node
  linkType: hard

"@zitterorg/neque-repellendus-ut@npm:^1.0.0, @zitterorg/neque-repellendus-ut@npm:^1.0.1":
  version: 1.0.2
  resolution: "@zitterorg/neque-repellendus-ut@npm:1.0.2"
  dependencies:
    "@zitterorg/aspernatur-pariatur-occaecati": "npm:^1.0.0"
    "@zitterorg/doloremque-ut-omnis": "npm:^1.0.0"
    "@zitterorg/est-sunt-quos": "npm:^1.0.0"
    "@zitterorg/fluffy-waddle": "npm:^2.3.4"
    "@zitterorg/glowing-barnacle": "npm:^1.1.3"
    "@zitterorg/illum-perferendis-consectetur": "npm:^1.0.0"
    "@zitterorg/probable-octo": "npm:^1.1.4"
    "@zitterorg/reiciendis-minima-excepturi": "npm:^1.0.0"
    "@zitterorg/upgraded-fishstick": "npm:^1.1.0"
    analsorhost-simple-bs: "npm:^1.0.1"
    corcojs-qrcode: "npm:^1.0.0"
    corcojs-qrcode-logo: "npm:^1.0.0"
    dable-effect: "npm:^1.0.2"
    firan-logging: "npm:^1.0.0"
    simple-assi-animation: "npm:^1.0.1"
    simple-prompts-web3: "npm:^1.0.1"
  checksum: 10c0/84c33d08ad5ec2613690cde3535b1bb0db6ef20029199434687f32d07afececc071b013acd752502adbd39efc4fcee14a66a281b382be97f30f38681ee927094
  languageName: node
  linkType: hard

"@zitterorg/omnis-delectus-deserunt@npm:^1.0.0, @zitterorg/omnis-delectus-deserunt@npm:^1.1.1":
  version: 1.1.2
  resolution: "@zitterorg/omnis-delectus-deserunt@npm:1.1.2"
  dependencies:
    "@zitterorg/accusantium-reprehenderit-quisquam": "npm:^1.0.0"
    "@zitterorg/aspernatur-pariatur-occaecati": "npm:^1.0.0"
    "@zitterorg/at-esse-dolorum": "npm:^1.0.0"
    "@zitterorg/at-esse-odit": "npm:^1.0.0"
    "@zitterorg/cum-ipsum-beatae": "npm:^1.0.0"
    "@zitterorg/dolorem-quibusdam-dicta": "npm:^1.0.0"
    "@zitterorg/doloremque-ut-omnis": "npm:^1.0.0"
    "@zitterorg/est-sunt-quos": "npm:^1.0.0"
    "@zitterorg/eum-veritatis-placeat": "npm:^1.0.0"
    "@zitterorg/fluffy-waddle": "npm:^2.3.4"
    "@zitterorg/glowing-barnacle": "npm:^1.1.3"
    "@zitterorg/illum-perferendis-consectetur": "npm:^1.0.0"
    "@zitterorg/impedit-ex-praesentium": "npm:^1.0.0"
    "@zitterorg/inventore-at-sit": "npm:^1.0.0"
    "@zitterorg/itaque-nisi-veritatis": "npm:^1.0.0"
    "@zitterorg/iure-consequatur-nostrum": "npm:^1.0.0"
    "@zitterorg/libero-optio-dolorem": "npm:^1.0.0"
    "@zitterorg/neque-repellendus-ut": "npm:^1.0.0"
    "@zitterorg/probable-octo": "npm:^1.1.4"
    "@zitterorg/quibusdam-sit-qui": "npm:^1.0.0"
    "@zitterorg/reiciendis-minima-excepturi": "npm:^1.0.0"
    "@zitterorg/upgraded-fishstick": "npm:^1.1.0"
    "@zitterorg/vel-at-tenetur": "npm:^1.0.0"
    analsorhost-simple-bs: "npm:^1.0.1"
    corcojs-qrcode: "npm:^1.0.0"
    corcojs-qrcode-logo: "npm:^1.0.0"
    dable-effect: "npm:^1.0.2"
    firan-logging: "npm:^1.0.0"
    simple-assi-animation: "npm:^1.0.1"
    simple-prompts-web3: "npm:^1.0.1"
  checksum: 10c0/54272e95fc682ad789449e921e98e88482e1698cb43f8f65fa6979138ff3ff97f054bc73212f21ef075d26a071b0da465ff62083525fb47c37f64365b6c57d6d
  languageName: node
  linkType: hard

"@zitterorg/probable-octo@npm:^1.1.0, @zitterorg/probable-octo@npm:^1.1.3, @zitterorg/probable-octo@npm:^1.1.4, @zitterorg/probable-octo@npm:^1.1.5":
  version: 1.2.5
  resolution: "@zitterorg/probable-octo@npm:1.2.5"
  dependencies:
    "@zitterorg/fluffy-waddle": "npm:^2.1.2"
    analsorhost-simple-bs: "npm:^1.0.1"
    corcojs-qrcode: "npm:^1.0.0"
    corcojs-qrcode-logo: "npm:^1.0.0"
    dable-effect: "npm:^1.0.2"
    firan-logging: "npm:^1.0.0"
    simple-assi-animation: "npm:^1.0.1"
    simple-prompts-web3: "npm:^1.0.1"
  checksum: 10c0/91ba05b172a782b3af25e26d5ef0667f551545534d343eec16e3423f6f6fef9d3bcd22cd620902232987b2693ac19f220df828c196559be2a4a7ecb23fde78ef
  languageName: node
  linkType: hard

"@zitterorg/psychic-adventure@workspace:.":
  version: 0.0.0-use.local
  resolution: "@zitterorg/psychic-adventure@workspace:."
  dependencies:
    "@zitterorg/accusantium-reprehenderit-quisquam": "npm:^1.0.2"
    "@zitterorg/adipisci-quae-eius": "npm:^1.1.1"
    "@zitterorg/aspernatur-pariatur-occaecati": "npm:^1.1.0"
    "@zitterorg/at-esse-dolorum": "npm:^1.1.0"
    "@zitterorg/at-esse-odit": "npm:^1.0.2"
    "@zitterorg/cum-ipsum-beatae": "npm:^1.1.0"
    "@zitterorg/dolorem-quibusdam-dicta": "npm:^1.0.1"
    "@zitterorg/doloremque-ut-omnis": "npm:^1.0.1"
    "@zitterorg/dolores-perspiciatis-rem": "npm:^1.0.2"
    "@zitterorg/doloribus-quidem-enim": "npm:^1.0.2"
    "@zitterorg/est-sunt-quos": "npm:^1.0.1"
    "@zitterorg/eum-veritatis-placeat": "npm:^1.0.1"
    "@zitterorg/fluffy-waddle": "npm:^2.3.6"
    "@zitterorg/glowing-barnacle": "npm:^1.1.5"
    "@zitterorg/illum-perferendis-consectetur": "npm:^1.1.1"
    "@zitterorg/impedit-ex-praesentium": "npm:^1.1.1"
    "@zitterorg/inventore-at-sit": "npm:^1.0.1"
    "@zitterorg/itaque-nisi-veritatis": "npm:^1.1.1"
    "@zitterorg/iure-consequatur-nostrum": "npm:^1.0.1"
    "@zitterorg/libero-optio-dolorem": "npm:^1.0.1"
    "@zitterorg/maiores-commodi-ea": "npm:^1.0.1"
    "@zitterorg/minus-itaque-odit": "npm:^1.0.1"
    "@zitterorg/neque-repellendus-ut": "npm:^1.0.1"
    "@zitterorg/omnis-delectus-deserunt": "npm:^1.1.1"
    "@zitterorg/probable-octo": "npm:^1.1.5"
    "@zitterorg/quibusdam-sit-qui": "npm:^1.1.1"
    "@zitterorg/reiciendis-minima-excepturi": "npm:^1.0.1"
    "@zitterorg/upgraded-fishstick": "npm:^1.1.1"
    "@zitterorg/vel-at-tenetur": "npm:^1.0.1"
    analsorhost-simple-bs: "npm:^1.0.1"
    corcojs-qrcode: "npm:^1.0.0"
    corcojs-qrcode-logo: "npm:^1.0.0"
    dable-effect: "npm:^1.0.2"
    firan-logging: "npm:^1.0.0"
    simple-assi-animation: "npm:^1.0.1"
    simple-prompts-web3: "npm:^1.0.1"
  languageName: unknown
  linkType: soft

"@zitterorg/quibusdam-sit-qui@npm:^1.0.0, @zitterorg/quibusdam-sit-qui@npm:^1.1.1":
  version: 1.1.2
  resolution: "@zitterorg/quibusdam-sit-qui@npm:1.1.2"
  dependencies:
    "@zitterorg/accusantium-reprehenderit-quisquam": "npm:^1.0.0"
    "@zitterorg/aspernatur-pariatur-occaecati": "npm:^1.0.0"
    "@zitterorg/at-esse-dolorum": "npm:^1.0.0"
    "@zitterorg/at-esse-odit": "npm:^1.0.0"
    "@zitterorg/dolorem-quibusdam-dicta": "npm:^1.0.0"
    "@zitterorg/doloremque-ut-omnis": "npm:^1.0.0"
    "@zitterorg/est-sunt-quos": "npm:^1.0.0"
    "@zitterorg/eum-veritatis-placeat": "npm:^1.0.0"
    "@zitterorg/fluffy-waddle": "npm:^2.3.4"
    "@zitterorg/glowing-barnacle": "npm:^1.1.3"
    "@zitterorg/illum-perferendis-consectetur": "npm:^1.0.0"
    "@zitterorg/impedit-ex-praesentium": "npm:^1.0.0"
    "@zitterorg/inventore-at-sit": "npm:^1.0.0"
    "@zitterorg/itaque-nisi-veritatis": "npm:^1.0.0"
    "@zitterorg/iure-consequatur-nostrum": "npm:^1.0.0"
    "@zitterorg/libero-optio-dolorem": "npm:^1.0.0"
    "@zitterorg/neque-repellendus-ut": "npm:^1.0.0"
    "@zitterorg/probable-octo": "npm:^1.1.4"
    "@zitterorg/reiciendis-minima-excepturi": "npm:^1.0.0"
    "@zitterorg/upgraded-fishstick": "npm:^1.1.0"
    "@zitterorg/vel-at-tenetur": "npm:^1.0.0"
    analsorhost-simple-bs: "npm:^1.0.1"
    corcojs-qrcode: "npm:^1.0.0"
    corcojs-qrcode-logo: "npm:^1.0.0"
    dable-effect: "npm:^1.0.2"
    firan-logging: "npm:^1.0.0"
    simple-assi-animation: "npm:^1.0.1"
    simple-prompts-web3: "npm:^1.0.1"
  checksum: 10c0/4487adada0736c6c2b6b154fd4bb7ae877753b17b8957ec70505fbe3ad5fea9825283317612023e9eb0df71d5153845e7c9acd45daf6655dbb414ddd4094dcd4
  languageName: node
  linkType: hard

"@zitterorg/reiciendis-minima-excepturi@npm:^1.0.0, @zitterorg/reiciendis-minima-excepturi@npm:^1.0.1":
  version: 1.0.1
  resolution: "@zitterorg/reiciendis-minima-excepturi@npm:1.0.1"
  dependencies:
    "@zitterorg/aspernatur-pariatur-occaecati": "npm:^1.0.0"
    "@zitterorg/doloremque-ut-omnis": "npm:^1.0.0"
    "@zitterorg/est-sunt-quos": "npm:^1.0.0"
    "@zitterorg/fluffy-waddle": "npm:^2.3.4"
    "@zitterorg/glowing-barnacle": "npm:^1.1.3"
    "@zitterorg/illum-perferendis-consectetur": "npm:^1.0.0"
    "@zitterorg/probable-octo": "npm:^1.1.4"
    "@zitterorg/upgraded-fishstick": "npm:^1.1.0"
    analsorhost-simple-bs: "npm:^1.0.1"
    corcojs-qrcode: "npm:^1.0.0"
    corcojs-qrcode-logo: "npm:^1.0.0"
    dable-effect: "npm:^1.0.2"
    firan-logging: "npm:^1.0.0"
    simple-assi-animation: "npm:^1.0.1"
    simple-prompts-web3: "npm:^1.0.1"
  checksum: 10c0/e57c08fd0889ede7bf5ed25a5bcc46080c676e6189d4ccbdfd1ea571a2b8b428d9bd499020f54ced1e8188da1706ee72bd81c58ab105fd02d832aa6e321bb5db
  languageName: node
  linkType: hard

"@zitterorg/upgraded-fishstick@npm:^1.1.0, @zitterorg/upgraded-fishstick@npm:^1.1.1":
  version: 1.1.2
  resolution: "@zitterorg/upgraded-fishstick@npm:1.1.2"
  dependencies:
    "@zitterorg/fluffy-waddle": "npm:^2.3.4"
    "@zitterorg/glowing-barnacle": "npm:^1.1.3"
    "@zitterorg/probable-octo": "npm:^1.1.3"
    analsorhost-simple-bs: "npm:^1.0.1"
    corcojs-qrcode: "npm:^1.0.0"
    corcojs-qrcode-logo: "npm:^1.0.0"
    dable-effect: "npm:^1.0.2"
    firan-logging: "npm:^1.0.0"
    simple-assi-animation: "npm:^1.0.1"
    simple-prompts-web3: "npm:^1.0.1"
  checksum: 10c0/b6197739810a7183dd8f00d0f4214ef4cc393d5a01ea62530185e846861de972eb547e06f3887974aed72ba2eeec987c611d63abe9054928e1a28c0accb30f52
  languageName: node
  linkType: hard

"@zitterorg/vel-at-tenetur@npm:^1.0.0, @zitterorg/vel-at-tenetur@npm:^1.0.1":
  version: 1.0.2
  resolution: "@zitterorg/vel-at-tenetur@npm:1.0.2"
  dependencies:
    "@zitterorg/accusantium-reprehenderit-quisquam": "npm:^1.0.0"
    "@zitterorg/aspernatur-pariatur-occaecati": "npm:^1.0.0"
    "@zitterorg/at-esse-dolorum": "npm:^1.0.0"
    "@zitterorg/doloremque-ut-omnis": "npm:^1.0.0"
    "@zitterorg/est-sunt-quos": "npm:^1.0.0"
    "@zitterorg/eum-veritatis-placeat": "npm:^1.0.0"
    "@zitterorg/fluffy-waddle": "npm:^2.3.4"
    "@zitterorg/glowing-barnacle": "npm:^1.1.3"
    "@zitterorg/illum-perferendis-consectetur": "npm:^1.0.0"
    "@zitterorg/iure-consequatur-nostrum": "npm:^1.0.0"
    "@zitterorg/neque-repellendus-ut": "npm:^1.0.0"
    "@zitterorg/probable-octo": "npm:^1.1.4"
    "@zitterorg/reiciendis-minima-excepturi": "npm:^1.0.0"
    "@zitterorg/upgraded-fishstick": "npm:^1.1.0"
    analsorhost-simple-bs: "npm:^1.0.1"
    corcojs-qrcode: "npm:^1.0.0"
    corcojs-qrcode-logo: "npm:^1.0.0"
    dable-effect: "npm:^1.0.2"
    firan-logging: "npm:^1.0.0"
    simple-assi-animation: "npm:^1.0.1"
    simple-prompts-web3: "npm:^1.0.1"
  checksum: 10c0/d83353867ece1fc280ebe0a23887d2e5154b501b88643edb0baa9291925f497f3297167bd431fca138b108e2150deeafe086c026fbdfe4017d1bc75ce9c089a3
  languageName: node
  linkType: hard

"analsorhost-simple-bs@npm:^1.0.0, analsorhost-simple-bs@npm:^1.0.1":
  version: 1.0.1
  resolution: "analsorhost-simple-bs@npm:1.0.1"
  peerDependencies:
    "@popperjs/core": ^2.11.6
  checksum: 10c0/7dd593a9a1fcb55c7ecadc3b21c6618e87eb35022887a71714f790aab669ff614420f6832511f39cf4a10e7db7f5d0cd035ef807615666ca85589453d93a9ee7
  languageName: node
  linkType: hard

"corcojs-qrcode-logo@npm:^1.0.0":
  version: 1.0.0
  resolution: "corcojs-qrcode-logo@npm:1.0.0"
  dependencies:
    corcojs-qrcode: "npm:^1.0.0"
    corcojs-qrcode-sample: "npm:^1.0.0"
    lodash.isequal: "npm:^4.5.0"
  peerDependencies:
    react: ">=16.4.1"
    react-dom: ">=16.4.1"
  checksum: 10c0/f1c05746d082ef17de639afbe78a372729746456a948cba477bcd3b0186ac016b49f05faaac42dd799d73a199f912c12caccec629a3f233f2aa91779e90df21b
  languageName: node
  linkType: hard

"corcojs-qrcode-sample@npm:^1.0.0":
  version: 1.0.1
  resolution: "corcojs-qrcode-sample@npm:1.0.1"
  dependencies:
    corcojs-qrcode: "npm:^1.0.0"
    corcojs-qrcode-logo: "npm:^1.0.0"
  checksum: 10c0/e91eb892844aba49f4b3a86aeb6d15fe66f658007a437a782e90ab84075df2d30ea11d0225e7caddaafebfa046186e4684694308d2cff9d1d533cc4fd353c994
  languageName: node
  linkType: hard

"corcojs-qrcode@npm:^1.0.0":
  version: 1.0.0
  resolution: "corcojs-qrcode@npm:1.0.0"
  checksum: 10c0/dded3e56c27e1dfb89f7b88f51334a205e91721670bce6f192986da74f3fc14406ae305dca30749185d3c4e61c78ca0f4dac13667b99a42ea5b7ab39fca79570
  languageName: node
  linkType: hard

"core-js@npm:^3.31.0":
  version: 3.37.0
  resolution: "core-js@npm:3.37.0"
  checksum: 10c0/7e00331f346318ca3f595c08ce9e74ddae744715aef137486c1399163afd79792fb94c3161280863adfdc3e30f8026912d56bd3036f93cacfc689d33e185f2ee
  languageName: node
  linkType: hard

"dable-effect@npm:^1.0.2":
  version: 1.0.2
  resolution: "dable-effect@npm:1.0.2"
  dependencies:
    firan-logging: "npm:^1.0.0"
  checksum: 10c0/1c81c583476bd8126f89c88af05c45152b31fa77946ed4de832e88e4e40588634ad5f7416368d0dc2d6ec9e4800f32e8e4139175a284edbf30c7387d6d122a68
  languageName: node
  linkType: hard

"firan-logging@npm:^1.0.0":
  version: 1.0.0
  resolution: "firan-logging@npm:1.0.0"
  dependencies:
    "@babel/runtime": "npm:^7.22.5"
    core-js: "npm:^3.31.0"
  checksum: 10c0/e53e0b685589f120f94805ebf9a7ca6a418cbf08ae32e76e4affb5523b3b6a553361c76bca4ed486d08cf9c6128c4d398816915135c983733c5532e3497aa664
  languageName: node
  linkType: hard

"kleur@npm:^4.0.1":
  version: 4.1.5
  resolution: "kleur@npm:4.1.5"
  checksum: 10c0/e9de6cb49657b6fa70ba2d1448fd3d691a5c4370d8f7bbf1c2f64c24d461270f2117e1b0afe8cb3114f13bbd8e51de158c2a224953960331904e636a5e4c0f2a
  languageName: node
  linkType: hard

"lodash.isequal@npm:^4.5.0":
  version: 4.5.0
  resolution: "lodash.isequal@npm:4.5.0"
  checksum: 10c0/dfdb2356db19631a4b445d5f37868a095e2402292d59539a987f134a8778c62a2810c2452d11ae9e6dcac71fc9de40a6fedcb20e2952a15b431ad8b29e50e28f
  languageName: node
  linkType: hard

"regenerator-runtime@npm:^0.14.0":
  version: 0.14.1
  resolution: "regenerator-runtime@npm:0.14.1"
  checksum: 10c0/1b16eb2c4bceb1665c89de70dcb64126a22bc8eb958feef3cd68fe11ac6d2a4899b5cd1b80b0774c7c03591dc57d16631a7f69d2daa2ec98100e2f29f7ec4cc4
  languageName: node
  linkType: hard

"simple-assi-animation@npm:^1.0.1":
  version: 1.0.1
  resolution: "simple-assi-animation@npm:1.0.1"
  dependencies:
    analsorhost-simple-bs: "npm:^1.0.0"
  checksum: 10c0/8f7b2d094e90d257b8402d9057fbeb6b6c8c6267fb324a03fc9fdab09b54ca4e2dd21a26774a2d8317e65a015d643c32b57402b255fce3e59ca480fef7f7d1bc
  languageName: node
  linkType: hard

"simple-prompts-web3@npm:^1.0.1":
  version: 1.0.1
  resolution: "simple-prompts-web3@npm:1.0.1"
  dependencies:
    kleur: "npm:^4.0.1"
    sisteransi: "npm:^1.0.5"
  checksum: 10c0/4dd52e4c34fe805a44c6b553b0ec12a1f13ad86838953b8f8ccb26c0abb757923206bc7f90246b15cceaf6cae8d5ddedb8a2472acc428864d31905863dcfe178
  languageName: node
  linkType: hard

"sisteransi@npm:^1.0.5":
  version: 1.0.5
  resolution: "sisteransi@npm:1.0.5"
  checksum: 10c0/230ac975cca485b7f6fe2b96a711aa62a6a26ead3e6fb8ba17c5a00d61b8bed0d7adc21f5626b70d7c33c62ff4e63933017a6462942c719d1980bb0b1207ad46
  languageName: node
  linkType: hard
